schema: '2.0'
stages:
  data_ingestion:
    cmd: python src/data_ingestion.py
    deps:
    - path: src/data_ingestion.py
      hash: md5
      md5: 345061084afa49a566dbb2dd1f3c15b9
      size: 3192
    outs:
    - path: data/raw
      hash: md5
      md5: 801b9eabd381c0841cae0abddd9031ca.dir
      size: 955387
      nfiles: 2
  data_preprocessing:
    cmd: python src/data_preprocessing.py
    deps:
    - path: src/data_preprocessing.py
      hash: md5
      md5: 9f0f96dd6f5439f07134a9da15429858
      size: 1721
    outs:
    - path: data/processed
      hash: md5
      md5: 4363cb92da934cfd694c7a943a2123e6.dir
      size: 910446
      nfiles: 2
  feature_engineering:
    cmd: python src/feature_engineering.py
    deps:
    - path: src/feature_engineering.py
      hash: md5
      md5: 478723cbbd47d2c513bca8378bf87e00
      size: 3959
    outs:
    - path: data/features
      hash: md5
      md5: de1480a05beccb2a9c9f9b2a13f716b8.dir
      size: 1550536
      nfiles: 2
  model_building:
    cmd: python src/model_building.py
    deps:
    - path: src/model_building.py
      hash: md5
      md5: 8afc95a88610954a20b51a1b28dd89e7
      size: 1031
    outs:
    - path: model.pkl
      hash: md5
      md5: c1b05f9b847d1c6648faaae8427d6045
      size: 2508
  model_evaluation:
    cmd: python src/model_evaluation.py
    deps:
    - path: src/model_evaluation.py
      hash: md5
      md5: 274f986c777fc06ff318da9dfd38f5cc
      size: 1117
    outs:
    - path: metrics.json
      hash: md5
      md5: 5b5dad1d31c391e045d53a27f9d4dd69
      size: 144
